
Microsoft Visual Studio Solution File, Format Version 12.00
# Visual Studio Version 16
VisualStudioVersion = 16.0.31005.135
MinimumVisualStudioVersion = 10.0.40219.1
Project("{FAE04EC0-301F-11D3-BF4B-00C04F79EFBC}") = "InviteService", "InviteService\InviteService.csproj", "{AF93AB17-FD4C-4B11-ACAA-7C3C293708F4}"
EndProject
Project("{FAE04EC0-301F-11D3-BF4B-00C04F79EFBC}") = "InviteServiceTests", "InviteServiceTests\InviteServiceTests.csproj", "{CEA64224-92E3-4C7A-912E-E6C476AA1A8B}"
EndProject
Global
	GlobalSection(SolutionConfigurationPlatforms) = preSolution
		Debug|Any CPU = Debug|Any CPU
		Release|Any CPU = Release|Any CPU
	EndGlobalSection
	GlobalSection(ProjectConfigurationPlatforms) = postSolution
		{AF93AB17-FD4C-4B11-ACAA-7C3C293708F4}.Debug|Any CPU.ActiveCfg = Debug|Any CPU
		{AF93AB17-FD4C-4B11-ACAA-7C3C293708F4}.Debug|Any CPU.Build.0 = Debug|Any CPU
		{AF93AB17-FD4C-4B11-ACAA-7C3C293708F4}.Release|Any CPU.ActiveCfg = Release|Any CPU
		{AF93AB17-FD4C-4B11-ACAA-7C3C293708F4}.Release|Any CPU.Build.0 = Release|Any CPU
		{CEA64224-92E3-4C7A-912E-E6C476AA1A8B}.Debug|Any CPU.ActiveCfg = Debug|Any CPU
		{CEA64224-92E3-4C7A-912E-E6C476AA1A8B}.Debug|Any CPU.Build.0 = Debug|Any CPU
		{CEA64224-92E3-4C7A-912E-E6C476AA1A8B}.Release|Any CPU.ActiveCfg = Release|Any CPU
		{CEA64224-92E3-4C7A-912E-E6C476AA1A8B}.Release|Any CPU.Build.0 = Release|Any CPU
	EndGlobalSection
	GlobalSection(SolutionProperties) = preSolution
		HideSolutionNode = FALSE
	EndGlobalSection
	GlobalSection(ExtensibilityGlobals) = postSolution
		SolutionGuid = {DC534EAD-BA3F-443C-9976-712421265FBA}
	EndGlobalSection
EndGlobal
